
Microsoft Visual Studio Solution File, Format Version 12.00
# Visual Studio 2012
Project("{FAE04EC0-301F-11D3-BF4B-00C04F79EFBC}") = "PAWN Color Picker", "WindowsFormsApplication2\PAWN Color Picker.csproj", "{9CE57E82-CBAC-4CDA-A130-93A561CD538A}"
EndProject
Global
	GlobalSection(SolutionConfigurationPlatforms) = preSolution
		Debug|Any CPU = Debug|Any CPU
		Release|Any CPU = Release|Any CPU
	EndGlobalSection
	GlobalSection(ProjectConfigurationPlatforms) = postSolution
		{9CE57E82-CBAC-4CDA-A130-93A561CD538A}.Debug|Any CPU.ActiveCfg = Debug|Any CPU
		{9CE57E82-CBAC-4CDA-A130-93A561CD538A}.Debug|Any CPU.Build.0 = Debug|Any CPU
		{9CE57E82-CBAC-4CDA-A130-93A561CD538A}.Release|Any CPU.ActiveCfg = Release|Any CPU
		{9CE57E82-CBAC-4CDA-A130-93A561CD538A}.Release|Any CPU.Build.0 = Release|Any CPU
	EndGlobalSection
	GlobalSection(SolutionProperties) = preSolution
		HideSolutionNode = FALSE
	EndGlobalSection
EndGlobal
